# THIS IS AN AUTOGENERATED FILE. DO NOT EDIT THIS FILE DIRECTLY.
# yarn lockfile v1


fly-npm@2.0.0:
  version "2.0.0"
  resolved "https://registry.npmjs.org/fly-npm/-/fly-npm-2.0.0.tgz#59edb1b2614edb27d9b7fe81ef1e8bbaa505aac2"
  integrity sha512-LwBT49212OJL+4q8ORW0xlfq3CY27HSdkxJvFfr5xuNurHuBpNQzvQ/Cwamqnsrz+BaiZQ8o1TTwIz9KFpuY9g==
